
Microsoft Visual Studio Solution File, Format Version 12.00
# Visual Studio Version 17
VisualStudioVersion = 17.8.34511.84
MinimumVisualStudioVersion = 10.0.40219.1
Project("{FAE04EC0-301F-11D3-BF4B-00C04F79EFBC}") = "Api8", "Api8\Api8.csproj", "{DC6E9D72-6A01-463E-A73E-DC0795DFE2BB}"
EndProject
Project("{FAE04EC0-301F-11D3-BF4B-00C04F79EFBC}") = "Domain", "Domain\Domain.csproj", "{55002D1A-F861-449F-9F55-77F0EE04F818}"
EndProject
Project("{FAE04EC0-301F-11D3-BF4B-00C04F79EFBC}") = "Data", "Data\Data.csproj", "{4D532AFA-D061-45E8-82BA-13265DDD50E7}"
EndProject
Project("{FAE04EC0-301F-11D3-BF4B-00C04F79EFBC}") = "Service", "Service\Service.csproj", "{609FEF74-A955-4AEF-B0F6-D716CC1B1E30}"
EndProject
Global
	GlobalSection(SolutionConfigurationPlatforms) = preSolution
		Debug|Any CPU = Debug|Any CPU
		Release|Any CPU = Release|Any CPU
	EndGlobalSection
	GlobalSection(ProjectConfigurationPlatforms) = postSolution
		{DC6E9D72-6A01-463E-A73E-DC0795DFE2BB}.Debug|Any CPU.ActiveCfg = Debug|Any CPU
		{DC6E9D72-6A01-463E-A73E-DC0795DFE2BB}.Debug|Any CPU.Build.0 = Debug|Any CPU
		{DC6E9D72-6A01-463E-A73E-DC0795DFE2BB}.Release|Any CPU.ActiveCfg = Release|Any CPU
		{DC6E9D72-6A01-463E-A73E-DC0795DFE2BB}.Release|Any CPU.Build.0 = Release|Any CPU
		{55002D1A-F861-449F-9F55-77F0EE04F818}.Debug|Any CPU.ActiveCfg = Debug|Any CPU
		{55002D1A-F861-449F-9F55-77F0EE04F818}.Debug|Any CPU.Build.0 = Debug|Any CPU
		{55002D1A-F861-449F-9F55-77F0EE04F818}.Release|Any CPU.ActiveCfg = Release|Any CPU
		{55002D1A-F861-449F-9F55-77F0EE04F818}.Release|Any CPU.Build.0 = Release|Any CPU
		{4D532AFA-D061-45E8-82BA-13265DDD50E7}.Debug|Any CPU.ActiveCfg = Debug|Any CPU
		{4D532AFA-D061-45E8-82BA-13265DDD50E7}.Debug|Any CPU.Build.0 = Debug|Any CPU
		{4D532AFA-D061-45E8-82BA-13265DDD50E7}.Release|Any CPU.ActiveCfg = Release|Any CPU
		{4D532AFA-D061-45E8-82BA-13265DDD50E7}.Release|Any CPU.Build.0 = Release|Any CPU
		{609FEF74-A955-4AEF-B0F6-D716CC1B1E30}.Debug|Any CPU.ActiveCfg = Debug|Any CPU
		{609FEF74-A955-4AEF-B0F6-D716CC1B1E30}.Debug|Any CPU.Build.0 = Debug|Any CPU
		{609FEF74-A955-4AEF-B0F6-D716CC1B1E30}.Release|Any CPU.ActiveCfg = Release|Any CPU
		{609FEF74-A955-4AEF-B0F6-D716CC1B1E30}.Release|Any CPU.Build.0 = Release|Any CPU
	EndGlobalSection
	GlobalSection(SolutionProperties) = preSolution
		HideSolutionNode = FALSE
	EndGlobalSection
	GlobalSection(ExtensibilityGlobals) = postSolution
		SolutionGuid = {8AA7661E-F7C2-411E-A59B-9948CDF9799C}
	EndGlobalSection
EndGlobal
